
Microsoft Visual Studio Solution File, Format Version 12.00
# Visual Studio Version 17
VisualStudioVersion = 17.5.002.0
MinimumVisualStudioVersion = 10.0.40219.1
Project("{9A19103F-16F7-4668-BE54-9A1E7A4F7556}") = "ZDLang", "ZDLang.csproj", "{B4EA0476-846D-4FE9-A75B-CAF7F8A41768}"
EndProject
Global
	GlobalSection(SolutionConfigurationPlatforms) = preSolution
		Debug|Any CPU = Debug|Any CPU
		Release|Any CPU = Release|Any CPU
	EndGlobalSection
	GlobalSection(ProjectConfigurationPlatforms) = postSolution
		{B4EA0476-846D-4FE9-A75B-CAF7F8A41768}.Debug|Any CPU.ActiveCfg = Debug|Any CPU
		{B4EA0476-846D-4FE9-A75B-CAF7F8A41768}.Debug|Any CPU.Build.0 = Debug|Any CPU
		{B4EA0476-846D-4FE9-A75B-CAF7F8A41768}.Release|Any CPU.ActiveCfg = Release|Any CPU
		{B4EA0476-846D-4FE9-A75B-CAF7F8A41768}.Release|Any CPU.Build.0 = Release|Any CPU
	EndGlobalSection
	GlobalSection(SolutionProperties) = preSolution
		HideSolutionNode = FALSE
	EndGlobalSection
	GlobalSection(ExtensibilityGlobals) = postSolution
		SolutionGuid = {072AA2DC-4D3E-46FB-B091-AE9AB469A6A0}
	EndGlobalSection
EndGlobal
